{
  "object": {
    "pins": [
      {
        "package": "JsonModel",
        "repositoryURL": "https://github.com/NU-MSS/JsonModel-Swift.git",
        "state": {
          "branch": null,
          "revision": "cfab4b31cf7bdc7b9e8ab0ca9862936e9eac9257",
          "version": "2.3.0"
        }
      },
      {
        "package": "MobilePassiveData",
        "repositoryURL": "https://github.com/NU-MSS/MobilePassiveData-SDK.git",
        "state": {
          "branch": null,
          "revision": "a13ff3b41ac48d984bfbad1628c91c9752e6fd48",
          "version": "1.5.4"
        }
      }
    ]
  },
  "version": 1
}
