{
  "object": {
    "pins": [
      {
        "package": "JsonModel",
        "repositoryURL": "https://github.com/NU-MSS/JsonModel-Swift.git",
        "state": {
          "branch": null,
          "revision": "4431edad387697d8db879212c4ca8dacbc436b5f",
          "version": "1.6.0"
        }
      },
      {
        "package": "MobilePassiveData",
        "repositoryURL": "https://github.com/NU-MSS/MobilePassiveData-SDK.git",
        "state": {
          "branch": null,
          "revision": "a13ff3b41ac48d984bfbad1628c91c9752e6fd48",
          "version": "1.5.4"
        }
      }
    ]
  },
  "version": 1
}
